
Microsoft Visual Studio Solution File, Format Version 12.00
# Visual Studio 15
VisualStudioVersion = 15.0.28307.168
MinimumVisualStudioVersion = 10.0.40219.1
Project("{FAE04EC0-301F-11D3-BF4B-00C04F79EFBC}") = "PaletteSwap", "PaletteSwap\PaletteSwap.csproj", "{BE71B044-80D5-4279-ADC0-BB838DC993FC}"
EndProject
Global
	GlobalSection(SolutionConfigurationPlatforms) = preSolution
		Debug|Any CPU = Debug|Any CPU
		Release|Any CPU = Release|Any CPU
	EndGlobalSection
	GlobalSection(ProjectConfigurationPlatforms) = postSolution
		{BE71B044-80D5-4279-ADC0-BB838DC993FC}.Debug|Any CPU.ActiveCfg = Debug|Any CPU
		{BE71B044-80D5-4279-ADC0-BB838DC993FC}.Debug|Any CPU.Build.0 = Debug|Any CPU
		{BE71B044-80D5-4279-ADC0-BB838DC993FC}.Release|Any CPU.ActiveCfg = Release|Any CPU
		{BE71B044-80D5-4279-ADC0-BB838DC993FC}.Release|Any CPU.Build.0 = Release|Any CPU
	EndGlobalSection
	GlobalSection(SolutionProperties) = preSolution
		HideSolutionNode = FALSE
	EndGlobalSection
	GlobalSection(ExtensibilityGlobals) = postSolution
		SolutionGuid = {402D692A-BB18-4DD2-9B4D-70599C10EFDB}
	EndGlobalSection
EndGlobal
